
Microsoft Visual Studio Solution File, Format Version 12.00
# Visual Studio Version 16
VisualStudioVersion = 16.0.30804.86
MinimumVisualStudioVersion = 10.0.40219.1
Project("{FAE04EC0-301F-11D3-BF4B-00C04F79EFBC}") = "Infrastructure", "src\Infrastructure\Infrastructure.csproj", "{27CFB134-E579-4D0F-89C6-403C21D17AF6}"
EndProject
Project("{FAE04EC0-301F-11D3-BF4B-00C04F79EFBC}") = "Application", "src\Application\Application.csproj", "{1C5F6A40-1436-4A36-ADA1-7B9BF025D6FF}"
EndProject
Project("{FAE04EC0-301F-11D3-BF4B-00C04F79EFBC}") = "Api", "src\Api\Api.csproj", "{A5C00725-0E15-4C44-A1B9-F4AC78E84A60}"
EndProject
Global
	GlobalSection(SolutionConfigurationPlatforms) = preSolution
		Debug|Any CPU = Debug|Any CPU
		Release|Any CPU = Release|Any CPU
	EndGlobalSection
	GlobalSection(ProjectConfigurationPlatforms) = postSolution
		{27CFB134-E579-4D0F-89C6-403C21D17AF6}.Debug|Any CPU.ActiveCfg = Debug|Any CPU
		{27CFB134-E579-4D0F-89C6-403C21D17AF6}.Debug|Any CPU.Build.0 = Debug|Any CPU
		{27CFB134-E579-4D0F-89C6-403C21D17AF6}.Release|Any CPU.ActiveCfg = Release|Any CPU
		{27CFB134-E579-4D0F-89C6-403C21D17AF6}.Release|Any CPU.Build.0 = Release|Any CPU
		{1C5F6A40-1436-4A36-ADA1-7B9BF025D6FF}.Debug|Any CPU.ActiveCfg = Debug|Any CPU
		{1C5F6A40-1436-4A36-ADA1-7B9BF025D6FF}.Debug|Any CPU.Build.0 = Debug|Any CPU
		{1C5F6A40-1436-4A36-ADA1-7B9BF025D6FF}.Release|Any CPU.ActiveCfg = Release|Any CPU
		{1C5F6A40-1436-4A36-ADA1-7B9BF025D6FF}.Release|Any CPU.Build.0 = Release|Any CPU
		{A5C00725-0E15-4C44-A1B9-F4AC78E84A60}.Debug|Any CPU.ActiveCfg = Debug|Any CPU
		{A5C00725-0E15-4C44-A1B9-F4AC78E84A60}.Debug|Any CPU.Build.0 = Debug|Any CPU
		{A5C00725-0E15-4C44-A1B9-F4AC78E84A60}.Release|Any CPU.ActiveCfg = Release|Any CPU
		{A5C00725-0E15-4C44-A1B9-F4AC78E84A60}.Release|Any CPU.Build.0 = Release|Any CPU
	EndGlobalSection
	GlobalSection(SolutionProperties) = preSolution
		HideSolutionNode = FALSE
	EndGlobalSection
	GlobalSection(ExtensibilityGlobals) = postSolution
		SolutionGuid = {92B27BE2-AC3D-4671-B43B-1BF99109032B}
	EndGlobalSection
EndGlobal
